
Microsoft Visual Studio Solution File, Format Version 12.00
# Visual Studio 2013
VisualStudioVersion = 12.0.31101.0
MinimumVisualStudioVersion = 10.0.40219.1
Project("{FAE04EC0-301F-11D3-BF4B-00C04F79EFBC}") = "SqlInsertPerformanceTest", "SqlInsertPerformanceTest\SqlInsertPerformanceTest.csproj", "{2C14EBCC-5DDE-47B4-9BDF-C57B6C50887A}"
EndProject
Project("{2150E333-8FDC-42A3-9474-1A3956D46DE8}") = "Solution Items", "Solution Items", "{0FEBACA3-03A7-4CC3-8256-951097B1DBFB}"
	ProjectSection(SolutionItems) = preProject
		README.md = README.md
	EndProjectSection
EndProject
Global
	GlobalSection(SolutionConfigurationPlatforms) = preSolution
		Debug|Any CPU = Debug|Any CPU
		Release|Any CPU = Release|Any CPU
	EndGlobalSection
	GlobalSection(ProjectConfigurationPlatforms) = postSolution
		{2C14EBCC-5DDE-47B4-9BDF-C57B6C50887A}.Debug|Any CPU.ActiveCfg = Debug|Any CPU
		{2C14EBCC-5DDE-47B4-9BDF-C57B6C50887A}.Debug|Any CPU.Build.0 = Debug|Any CPU
		{2C14EBCC-5DDE-47B4-9BDF-C57B6C50887A}.Release|Any CPU.ActiveCfg = Release|Any CPU
		{2C14EBCC-5DDE-47B4-9BDF-C57B6C50887A}.Release|Any CPU.Build.0 = Release|Any CPU
	EndGlobalSection
	GlobalSection(SolutionProperties) = preSolution
		HideSolutionNode = FALSE
	EndGlobalSection
EndGlobal
